
Microsoft Visual Studio Solution File, Format Version 12.00
# Visual Studio Version 17
VisualStudioVersion = 17.9.34723.18
MinimumVisualStudioVersion = 10.0.40219.1
Project("{FAE04EC0-301F-11D3-BF4B-00C04F79EFBC}") = "Banco", "Banco.csproj", "{1E3CF1A3-1557-4A5B-9B00-C794A5558F99}"
EndProject
Global
	GlobalSection(SolutionConfigurationPlatforms) = preSolution
		Debug|Any CPU = Debug|Any CPU
		Release|Any CPU = Release|Any CPU
	EndGlobalSection
	GlobalSection(ProjectConfigurationPlatforms) = postSolution
		{1E3CF1A3-1557-4A5B-9B00-C794A5558F99}.Debug|Any CPU.ActiveCfg = Debug|Any CPU
		{1E3CF1A3-1557-4A5B-9B00-C794A5558F99}.Debug|Any CPU.Build.0 = Debug|Any CPU
		{1E3CF1A3-1557-4A5B-9B00-C794A5558F99}.Release|Any CPU.ActiveCfg = Release|Any CPU
		{1E3CF1A3-1557-4A5B-9B00-C794A5558F99}.Release|Any CPU.Build.0 = Release|Any CPU
	EndGlobalSection
	GlobalSection(SolutionProperties) = preSolution
		HideSolutionNode = FALSE
	EndGlobalSection
	GlobalSection(ExtensibilityGlobals) = postSolution
		SolutionGuid = {CA3BBE05-D691-4FEC-8DC7-BCF1EB5F54E4}
	EndGlobalSection
EndGlobal
